
Microsoft Visual Studio Solution File, Format Version 12.00
# Visual Studio 15
VisualStudioVersion = 15.0.27703.2047
MinimumVisualStudioVersion = 10.0.40219.1
Project("{FAE04EC0-301F-11D3-BF4B-00C04F79EFBC}") = "TestLogger", "TestLogger\TestLogger.csproj", "{232B1EB4-CE58-411F-AD63-0F1924F924C7}"
EndProject
Global
	GlobalSection(SolutionConfigurationPlatforms) = preSolution
		Debug|Any CPU = Debug|Any CPU
		Release|Any CPU = Release|Any CPU
	EndGlobalSection
	GlobalSection(ProjectConfigurationPlatforms) = postSolution
		{232B1EB4-CE58-411F-AD63-0F1924F924C7}.Debug|Any CPU.ActiveCfg = Debug|Any CPU
		{232B1EB4-CE58-411F-AD63-0F1924F924C7}.Debug|Any CPU.Build.0 = Debug|Any CPU
		{232B1EB4-CE58-411F-AD63-0F1924F924C7}.Release|Any CPU.ActiveCfg = Release|Any CPU
		{232B1EB4-CE58-411F-AD63-0F1924F924C7}.Release|Any CPU.Build.0 = Release|Any CPU
	EndGlobalSection
	GlobalSection(SolutionProperties) = preSolution
		HideSolutionNode = FALSE
	EndGlobalSection
	GlobalSection(ExtensibilityGlobals) = postSolution
		SolutionGuid = {52DAF196-7651-4A1F-81B2-68B897FA8010}
	EndGlobalSection
EndGlobal
